id: github__sgroy10__speclock
kind: github-repo
name: sgroy10/speclock
canonical_url: https://github.com/sgroy10/speclock
identity:
  github_repo: sgroy10/speclock
provenance:
  discoveries:
    - id: discovery__github__sgroy10__speclock__awesome-list__mobinx__awesome-mcp-list
      discovered_at: '2026-09-29T13:07:10.365Z'
      source:
        type: awesome-list
        name: MobinX/awesome-mcp-list
        url: https://github.com/mobinx/awesome-mcp-list
        repository: MobinX/awesome-mcp-list
      extraction:
        mode: parsed
        section_path:
          - Contributing
          - 💻 Developer Tools
        anchor_text: sgroy10/speclock
        extracted_url: https://github.com/sgroy10/speclock
        surrounding_text: >-
          -   **[sgroy10/speclock](https://github.com/sgroy10/speclock)** [![GitHub
          stars](https://img.shields.io/github/stars/sgroy10/speclock?style=social)](https://github.com/sgroy10/speclock):
          Enforces project constraints from CLAUDE.md/AGENTS.md/.cursorrules as MCP checks before edits, shell commands,
          and commits (51 tools).
        confidence: high
metadata:
  github:
    stars: null
    forks: null
    license: null
    archived: null
    full_name: null
    html_url: null
    created_at: null
    pushed_at: null
    description: null
    homepage: null
    topics: null
    last_checked_at: null
    readme: null
insights:
  summary: null
  why_it_matters: null
  mental_damage: null
  tags: []
  confidence: null
curation:
  status: pending
  reason: null
  evidence:
    - jev winnow:e4b 0.24 below gate 0.50; proposed skills / Skill Packs & Libraries; no placement kept (unverified)
placement:
  primary_category: null
  section: null
  secondary_categories:
    - skills
lifecycle:
  status: curated
  reason: null
processing:
  discover:
    status: done
    updated_at: '2026-09-29T13:07:10.476Z'
    cause: null
    next_retry_at: null
  stars:
    status: pending
    updated_at: null
    cause: null
  categorize:
    status: pending
    updated_at: null
    cause: null
