id: github__whiteducksoftware__flock
kind: github-repo
name: flock
canonical_url: https://github.com/whiteducksoftware/flock
identity:
  github_repo: whiteducksoftware/flock
provenance:
  discoveries:
    - id: discovery__github__whiteducksoftware__flock__awesome-list__kaushikb11__awesome-llm-agents
      discovered_at: "2026-05-06T22:12:15.572Z"
      source:
        type: awesome-list
        name: kaushikb11/awesome-llm-agents
        url: https://github.com/kaushikb11/awesome-llm-agents
        repository: kaushikb11/awesome-llm-agents
      extraction:
        mode: parsed
        section_path:
          - Frameworks
        anchor_text: Flock
        extracted_url: https://github.com/whiteducksoftware/flock
        surrounding_text: "- Tsinghua University research project- [Flock](https://github.com/whiteducksoftware/flock) - Declarative multi-agent LLM"
        confidence: high
metadata:
  github:
    stars: 104
    forks: 9
    license: MIT
    archived: false
    created_at: "2025-02-06T19:53:30Z"
    pushed_at: "2026-05-11T12:24:45Z"
    description: 🐤🐧 A declarative and highly modular Blackboard Multi Agent System  🐓 🦆
    homepage: https://whiteducksoftware.github.io/flock/
    topics:
      - agent
      - agentic-ai
      - agents
      - ai
      - artificial-intelligence
      - blackboard
      - bmas
      - declarative
      - declarative-programming
      - event-driven
      - llm
    last_checked_at: "2026-05-12T15:06:37.301Z"
    readme:
      fetched_at: "2026-05-12T15:06:37.301Z"
      bytes: 37071
insights:
  summary: Flock is a declarative blackboard-based framework for orchestrating multiple AI agents using type contracts and event-driven architecture.
  why_it_matters: It replaces fragile prompt engineering and tight coupling with reliable, testable multi-agent coordination grounded in distributed systems patterns.
  mental_damage: Another framework promising to solve the 'prompt hell' we created by ignoring decades of software engineering wisdom.
  tags:
    - agent-orchestration
    - blackboard
    - declarative
    - multi-agent
  confidence: high
curation:
  status: included
  reason: Flock is a control plane for coordinating multiple agents via declarative contracts and blackboard architecture, making it a multi-agent runtime platform rather than a coding assistant or extension.
  evidence:
    - "Repo description: 'declarative and highly modular Blackboard Multi Agent System'"
    - "README: 'production-focused framework for orchestrating AI agents through declarative type contracts and blackboard architecture'"
    - "Source-list context: included in awesome-llm-agents under Frameworks section"
placement:
  primary_category: agent-orchestration
  section: Multi-Agent Runtime Platforms
lifecycle:
  status: incubating
  reason: null
processing:
  discover:
    status: done
    updated_at: "2026-05-06T22:12:15.655Z"
    cause: null
    next_retry_at: null
  stars:
    status: done
    updated_at: "2026-05-12T15:06:37.301Z"
    cause: null
    next_retry_at: null
  categorize:
    status: done
    updated_at: "2026-05-12T15:34:04.457Z"
    cause: null
    next_retry_at: null
    attempts: 1
    prompt_version: catalog-categorize-v5-single-template
    category_rules_version: 6cc474a86022
