id: github__onelevenvy__flock
kind: github-repo
name: flock
canonical_url: https://github.com/onelevenvy/flock
identity:
  github_repo: onelevenvy/flock
provenance:
  discoveries:
    - id: discovery__github__onelevenvy__flock__awesome-list__kyrolabs__awesome-langchain
      discovered_at: "2026-05-06T22:12:15.572Z"
      source:
        type: awesome-list
        name: kyrolabs/awesome-langchain
        url: https://github.com/kyrolabs/awesome-langchain
        repository: kyrolabs/awesome-langchain
      extraction:
        mode: parsed
        section_path:
          - Tools
          - Low-code
        anchor_text: Flock
        extracted_url: https://github.com/onelevenvy/flock
        surrounding_text: "- [Flock](https://github.com/Onelevenvy/flock): Flock is a workflow-based low-code platform for rapidly building chatbots, RAG, and coordinating multi-agent teams![GitHub Repo stars](https://img.shields.io/github/stars/Onelevenvy/flock?style=social)"
        confidence: high
metadata:
  github:
    stars: 1091
    forks: 141
    license: Apache-2.0
    archived: false
    full_name: Onelevenvy/flock
    html_url: https://github.com/Onelevenvy/flock
    created_at: "2024-09-04T01:21:01Z"
    pushed_at: "2026-07-07T07:21:42Z"
    description: A desktop multi-agent harness built with Rust, Tauri, and React, powered by langgraph-rust.
    homepage: ""
    topics:
      - agent
      - ai
      - chatbot
      - deekseek
      - harness
      - langchain
      - langgraph
      - langgraph-rust
      - llm
      - mcp
      - muti-agent
      - openai
      - react-flow
      - rust
      - workflow
    last_checked_at: "2026-07-20T16:42:24.395Z"
    readme:
      fetched_at: "2026-07-20T16:42:24.395Z"
      bytes: 7770
insights:
  summary: Flock is a low-code, workflow-based platform for building chatbots, RAG pipelines, and multi-agent systems using LangGraph, LangChain, FastAPI, and NextJS.
  why_it_matters: It provides a visual workbench for developers to orchestrate complex LangChain and LangGraph agents without writing extensive boilerplate code.
  mental_damage: Another day, another low-code 'agent orchestration' platform promising to abstract away the complexity of the very frameworks it depends on.
  tags:
    - low-code
    - langgraph
    - multi-agent
    - workflow
    - rag
  confidence: high
curation:
  status: included
  reason: The product is a visual workbench and control plane for coordinating multi-agent workflows and RAG applications, fitting the 'Workbenches & Collaboration Surfaces' section of Agent Orchestration.
  evidence:
    - Repo description identifies it as a 'workflow-based low-code platform for rapidly building chatbots, RAG, and coordinating multi-agent teams'.
    - README highlights 'Agent Node' and 'Subgraph Node' support for orchestrating complex collaborative tasks and workflows.
    - Listed in awesome-langchain under 'Tools > Low-code', confirming its place in the LangChain ecosystem as a visual tool.
placement:
  primary_category: agent-orchestration
  section: Workbenches & Collaboration Surfaces
lifecycle:
  status: promotion_candidate
  reason: Stars (1070) exceeded threshold (150)
processing:
  discover:
    status: done
    updated_at: "2026-05-06T22:12:15.640Z"
    cause: null
    next_retry_at: null
  stars:
    status: done
    updated_at: "2026-07-20T16:42:24.395Z"
    cause: null
    next_retry_at: null
  categorize:
    status: skipped
    updated_at: "2026-08-27T06:08:56.717Z"
    cause:
      type: missing_metadata
      message: Item is not ready for categorization
    next_retry_at: null
    attempts: 1
    prompt_version: catalog-categorize-v5-single-template
    category_rules_version: "77e831995030"
